
Microsoft Visual Studio Solution File, Format Version 11.00
# Visual Studio 2010
Project("{FAE04EC0-301F-11D3-BF4B-00C04F79EFBC}") = "LinqToGmail", "src\LinqToGmail\LinqToGmail.csproj", "{13AB5BCD-0D92-446D-B8DD-8F5AADE9454F}"
EndProject
Project("{FAE04EC0-301F-11D3-BF4B-00C04F79EFBC}") = "LinqToGmail.Tests", "src\LinqToGmail.Tests\LinqToGmail.Tests.csproj", "{839C8CDC-41FF-4986-B9BB-BCB0C668D746}"
EndProject
Project("{FAE04EC0-301F-11D3-BF4B-00C04F79EFBC}") = "LinqToGmail.IntegrationTests", "src\LinqToGmail.IntegrationTests\LinqToGmail.IntegrationTests.csproj", "{783079C7-5C16-4B35-94C1-35424FF0EEF2}"
EndProject
Global
	GlobalSection(SolutionConfigurationPlatforms) = preSolution
		Debug|Any CPU = Debug|Any CPU
		Release|Any CPU = Release|Any CPU
	EndGlobalSection
	GlobalSection(ProjectConfigurationPlatforms) = postSolution
		{13AB5BCD-0D92-446D-B8DD-8F5AADE9454F}.Debug|Any CPU.ActiveCfg = Debug|Any CPU
		{13AB5BCD-0D92-446D-B8DD-8F5AADE9454F}.Debug|Any CPU.Build.0 = Debug|Any CPU
		{13AB5BCD-0D92-446D-B8DD-8F5AADE9454F}.Release|Any CPU.ActiveCfg = Release|Any CPU
		{13AB5BCD-0D92-446D-B8DD-8F5AADE9454F}.Release|Any CPU.Build.0 = Release|Any CPU
		{839C8CDC-41FF-4986-B9BB-BCB0C668D746}.Debug|Any CPU.ActiveCfg = Debug|Any CPU
		{839C8CDC-41FF-4986-B9BB-BCB0C668D746}.Debug|Any CPU.Build.0 = Debug|Any CPU
		{839C8CDC-41FF-4986-B9BB-BCB0C668D746}.Release|Any CPU.ActiveCfg = Release|Any CPU
		{839C8CDC-41FF-4986-B9BB-BCB0C668D746}.Release|Any CPU.Build.0 = Release|Any CPU
		{783079C7-5C16-4B35-94C1-35424FF0EEF2}.Debug|Any CPU.ActiveCfg = Debug|Any CPU
		{783079C7-5C16-4B35-94C1-35424FF0EEF2}.Debug|Any CPU.Build.0 = Debug|Any CPU
		{783079C7-5C16-4B35-94C1-35424FF0EEF2}.Release|Any CPU.ActiveCfg = Release|Any CPU
		{783079C7-5C16-4B35-94C1-35424FF0EEF2}.Release|Any CPU.Build.0 = Release|Any CPU
	EndGlobalSection
	GlobalSection(SolutionProperties) = preSolution
		HideSolutionNode = FALSE
	EndGlobalSection
EndGlobal
